
Microsoft Visual Studio Solution File, Format Version 12.00
# Visual Studio Version 17
VisualStudioVersion = 17.0.32112.339
MinimumVisualStudioVersion = 10.0.40219.1
Project("{FAE04EC0-301F-11D3-BF4B-00C04F79EFBC}") = "RepositoryPatternAndUnitOfWork", "RepositoryPatternAndUnitOfWork\RepositoryPatternAndUnitOfWork.csproj", "{7A1DEF27-D6D5-44D9-A522-0B7BE7CD6E9A}"
EndProject
Global
	GlobalSection(SolutionConfigurationPlatforms) = preSolution
		Debug|Any CPU = Debug|Any CPU
		Release|Any CPU = Release|Any CPU
	EndGlobalSection
	GlobalSection(ProjectConfigurationPlatforms) = postSolution
		{7A1DEF27-D6D5-44D9-A522-0B7BE7CD6E9A}.Debug|Any CPU.ActiveCfg = Debug|Any CPU
		{7A1DEF27-D6D5-44D9-A522-0B7BE7CD6E9A}.Debug|Any CPU.Build.0 = Debug|Any CPU
		{7A1DEF27-D6D5-44D9-A522-0B7BE7CD6E9A}.Release|Any CPU.ActiveCfg = Release|Any CPU
		{7A1DEF27-D6D5-44D9-A522-0B7BE7CD6E9A}.Release|Any CPU.Build.0 = Release|Any CPU
	EndGlobalSection
	GlobalSection(SolutionProperties) = preSolution
		HideSolutionNode = FALSE
	EndGlobalSection
	GlobalSection(ExtensibilityGlobals) = postSolution
		SolutionGuid = {5EB3E089-3392-4B2B-9C47-16EEE06C9CA6}
	EndGlobalSection
EndGlobal
